# THIS IS AN AUTOGENERATED FILE. DO NOT EDIT THIS FILE DIRECTLY.
# yarn lockfile v1


"@opengsn/contracts@^3.0.0-beta.1":
  version "3.0.0-beta.1"
  resolved "https://registry.yarnpkg.com/@opengsn/contracts/-/contracts-3.0.0-beta.1.tgz#4068326fb4d5268aa9f67c68fad18e9c5e9f31b5"
  integrity sha512-ZQrpe8F45ONSyLnCeEbbSXWqUpP5EIjnOsIMHIudYDT+0c689EpzsZIMluX3RZhYrUMvc7JW05zx/sbCBeEhug==
  dependencies:
    "@openzeppelin/contracts" "^4.2.0"

"@openzeppelin/contracts@^4.2.0":
  version "4.7.3"
  resolved "https://registry.yarnpkg.com/@openzeppelin/contracts/-/contracts-4.7.3.tgz#939534757a81f8d69cc854c7692805684ff3111e"
  integrity sha512-dGRS0agJzu8ybo44pCIf3xBaPQN/65AIXNgK8+4gzKd5kbvlqyxryUYVLJv7fK98Seyd2hDZzVEHSWAh0Bt1Yw==
